
Microsoft Visual Studio Solution File, Format Version 12.00
# Visual Studio Version 17
VisualStudioVersion = 17.14.36429.23 d17.14
MinimumVisualStudioVersion = 10.0.40219.1
Project("{FAE04EC0-301F-11D3-BF4B-00C04F79EFBC}") = "Library System", "Library System\Library System.csproj", "{AFA679B1-0D23-4B12-B496-017622FCDA71}"
EndProject
Global
	GlobalSection(SolutionConfigurationPlatforms) = preSolution
		Debug|Any CPU = Debug|Any CPU
		Release|Any CPU = Release|Any CPU
	EndGlobalSection
	GlobalSection(ProjectConfigurationPlatforms) = postSolution
		{AFA679B1-0D23-4B12-B496-017622FCDA71}.Debug|Any CPU.ActiveCfg = Debug|Any CPU
		{AFA679B1-0D23-4B12-B496-017622FCDA71}.Debug|Any CPU.Build.0 = Debug|Any CPU
		{AFA679B1-0D23-4B12-B496-017622FCDA71}.Release|Any CPU.ActiveCfg = Release|Any CPU
		{AFA679B1-0D23-4B12-B496-017622FCDA71}.Release|Any CPU.Build.0 = Release|Any CPU
	EndGlobalSection
	GlobalSection(SolutionProperties) = preSolution
		HideSolutionNode = FALSE
	EndGlobalSection
	GlobalSection(ExtensibilityGlobals) = postSolution
		SolutionGuid = {AC34A491-B47E-4D69-82CB-531BA321D7D8}
	EndGlobalSection
EndGlobal
